lockfileVersion: 5.4

specifiers:
  '@ryyppy/rescript-promise': ^2.1.0
  rescript: 10.0.0-beta.3

dependencies:
  '@ryyppy/rescript-promise': 2.1.0

devDependencies:
  rescript: 10.0.0-beta.3

packages:

  /@ryyppy/rescript-promise/2.1.0:
    resolution: {integrity: sha512-+dW6msBrj2Lr2hbEMX+HoWCvN89qVjl94RwbYWJgHQuj8jm/izdPC0YzxgpGoEFdeAEW2sOozoLcYHxT6o5WXQ==}
    dev: false

  /rescript/10.0.0-beta.3:
    resolution: {integrity: sha512-Fik3yIkHY8ajD5M4I2hHOSvUcLzgmNukr8mxlSe4SfAGTY67HoNvDEuONIG0A9kL34urcsMde2F698m2n0JcLg==}
    hasBin: true
    requiresBuild: true
    dev: true
